
Microsoft Visual Studio Solution File, Format Version 12.00
# Visual Studio Version 17
VisualStudioVersion = 17.4.33122.133
MinimumVisualStudioVersion = 10.0.40219.1
Project("{9A19103F-16F7-4668-BE54-9A1E7A4F7556}") = "AccessTokenFunctionApp", "scr\AccessTokenFunctionApp\AccessTokenFunctionApp.csproj", "{EB018D3F-A44C-472D-A01F-021BE68950AB}"
EndProject
Project("{FAE04EC0-301F-11D3-BF4B-00C04F79EFBC}") = "AccessTokenFunctionApp.UnitTests", "tests\AccessTokenFunctionApp\AccessTokenFunctionApp.UnitTests.csproj", "{8E5220F7-2278-4473-937B-D3FE80931BE0}"
EndProject
Global
	GlobalSection(SolutionConfigurationPlatforms) = preSolution
		Debug|Any CPU = Debug|Any CPU
		Release|Any CPU = Release|Any CPU
	EndGlobalSection
	GlobalSection(ProjectConfigurationPlatforms) = postSolution
		{EB018D3F-A44C-472D-A01F-021BE68950AB}.Debug|Any CPU.ActiveCfg = Debug|Any CPU
		{EB018D3F-A44C-472D-A01F-021BE68950AB}.Debug|Any CPU.Build.0 = Debug|Any CPU
		{EB018D3F-A44C-472D-A01F-021BE68950AB}.Release|Any CPU.ActiveCfg = Release|Any CPU
		{EB018D3F-A44C-472D-A01F-021BE68950AB}.Release|Any CPU.Build.0 = Release|Any CPU
		{8E5220F7-2278-4473-937B-D3FE80931BE0}.Debug|Any CPU.ActiveCfg = Debug|Any CPU
		{8E5220F7-2278-4473-937B-D3FE80931BE0}.Debug|Any CPU.Build.0 = Debug|Any CPU
		{8E5220F7-2278-4473-937B-D3FE80931BE0}.Release|Any CPU.ActiveCfg = Release|Any CPU
		{8E5220F7-2278-4473-937B-D3FE80931BE0}.Release|Any CPU.Build.0 = Release|Any CPU
	EndGlobalSection
	GlobalSection(SolutionProperties) = preSolution
		HideSolutionNode = FALSE
	EndGlobalSection
	GlobalSection(ExtensibilityGlobals) = postSolution
		SolutionGuid = {E1C174C0-2A35-4EE3-8166-70D4B492225E}
	EndGlobalSection
EndGlobal
